
Microsoft Visual Studio Solution File, Format Version 12.00
# Visual Studio Version 17
VisualStudioVersion = 17.7.34221.43
MinimumVisualStudioVersion = 10.0.40219.1
Project("{FAE04EC0-301F-11D3-BF4B-00C04F79EFBC}") = "TestDemo.API", "TestDemo.API\TestDemo.API.csproj", "{F7DFB306-6702-4D1A-9D6D-29E47B3557E4}"
EndProject
Global
	GlobalSection(SolutionConfigurationPlatforms) = preSolution
		Debug|Any CPU = Debug|Any CPU
		Release|Any CPU = Release|Any CPU
	EndGlobalSection
	GlobalSection(ProjectConfigurationPlatforms) = postSolution
		{F7DFB306-6702-4D1A-9D6D-29E47B3557E4}.Debug|Any CPU.ActiveCfg = Debug|Any CPU
		{F7DFB306-6702-4D1A-9D6D-29E47B3557E4}.Debug|Any CPU.Build.0 = Debug|Any CPU
		{F7DFB306-6702-4D1A-9D6D-29E47B3557E4}.Release|Any CPU.ActiveCfg = Release|Any CPU
		{F7DFB306-6702-4D1A-9D6D-29E47B3557E4}.Release|Any CPU.Build.0 = Release|Any CPU
	EndGlobalSection
	GlobalSection(SolutionProperties) = preSolution
		HideSolutionNode = FALSE
	EndGlobalSection
	GlobalSection(ExtensibilityGlobals) = postSolution
		SolutionGuid = {8F3E647D-005C-4FB4-B3FD-03C859AD68EC}
	EndGlobalSection
EndGlobal
